
Microsoft Visual Studio Solution File, Format Version 12.00
# Visual Studio Version 17
VisualStudioVersion = 17.8.34330.188
MinimumVisualStudioVersion = 10.0.40219.1
Project("{9A19103F-16F7-4668-BE54-9A1E7A4F7556}") = "RomanNumber", "RomanNumber.csproj", "{C2A26CA5-76DD-4477-B8BB-D6749ECC6EC6}"
EndProject
Global
	GlobalSection(SolutionConfigurationPlatforms) = preSolution
		Debug|Any CPU = Debug|Any CPU
		Release|Any CPU = Release|Any CPU
	EndGlobalSection
	GlobalSection(ProjectConfigurationPlatforms) = postSolution
		{C2A26CA5-76DD-4477-B8BB-D6749ECC6EC6}.Debug|Any CPU.ActiveCfg = Debug|Any CPU
		{C2A26CA5-76DD-4477-B8BB-D6749ECC6EC6}.Debug|Any CPU.Build.0 = Debug|Any CPU
		{C2A26CA5-76DD-4477-B8BB-D6749ECC6EC6}.Release|Any CPU.ActiveCfg = Release|Any CPU
		{C2A26CA5-76DD-4477-B8BB-D6749ECC6EC6}.Release|Any CPU.Build.0 = Release|Any CPU
	EndGlobalSection
	GlobalSection(SolutionProperties) = preSolution
		HideSolutionNode = FALSE
	EndGlobalSection
	GlobalSection(ExtensibilityGlobals) = postSolution
		SolutionGuid = {619FC41F-CCB7-49A7-A327-409912E16E6A}
	EndGlobalSection
EndGlobal
